
Microsoft Visual Studio Solution File, Format Version 12.00
# Visual Studio Version 17
VisualStudioVersion = 17.7.34221.43
MinimumVisualStudioVersion = 10.0.40219.1
Project("{9A19103F-16F7-4668-BE54-9A1E7A4F7556}") = "Moln.A1", "Moln.WeatherApi\Moln.A1.csproj", "{68B7CC9D-7556-408F-8511-E5706A103739}"
EndProject
Project("{9A19103F-16F7-4668-BE54-9A1E7A4F7556}") = "Moln.A2", "Moln.KeyVault\Moln.A2.csproj", "{708BB7E4-F39F-4015-B047-B0F00864842C}"
EndProject
Project("{9A19103F-16F7-4668-BE54-9A1E7A4F7556}") = "Moln.WebApi.ConnectDemo", "Moln.WebApi.ConnectDemo\Moln.WebApi.ConnectDemo.csproj", "{3EC3DBCF-71F7-4284-8ADF-0E458D686CDE}"
EndProject
Project("{9A19103F-16F7-4668-BE54-9A1E7A4F7556}") = "Moln.AppInsight", "Moln.AppInsight\Moln.AppInsight.csproj", "{9D962FF7-2675-4F13-8FF0-63AD623DC91D}"
EndProject
Project("{9A19103F-16F7-4668-BE54-9A1E7A4F7556}") = "Moln.FunctionDemo", "Moln.FunctionDemo\Moln.FunctionDemo.csproj", "{EFCED042-E37D-4C6C-AF0D-147D0BA64975}"
EndProject
Project("{9A19103F-16F7-4668-BE54-9A1E7A4F7556}") = "Moln.A7", "Moln.A7\Moln.A7.csproj", "{17F614BC-F478-4848-97C0-686DE046D4C7}"
EndProject
Global
	GlobalSection(SolutionConfigurationPlatforms) = preSolution
		Debug|Any CPU = Debug|Any CPU
		Release|Any CPU = Release|Any CPU
	EndGlobalSection
	GlobalSection(ProjectConfigurationPlatforms) = postSolution
		{68B7CC9D-7556-408F-8511-E5706A103739}.Debug|Any CPU.ActiveCfg = Debug|Any CPU
		{68B7CC9D-7556-408F-8511-E5706A103739}.Debug|Any CPU.Build.0 = Debug|Any CPU
		{68B7CC9D-7556-408F-8511-E5706A103739}.Release|Any CPU.ActiveCfg = Release|Any CPU
		{68B7CC9D-7556-408F-8511-E5706A103739}.Release|Any CPU.Build.0 = Release|Any CPU
		{708BB7E4-F39F-4015-B047-B0F00864842C}.Debug|Any CPU.ActiveCfg = Debug|Any CPU
		{708BB7E4-F39F-4015-B047-B0F00864842C}.Debug|Any CPU.Build.0 = Debug|Any CPU
		{708BB7E4-F39F-4015-B047-B0F00864842C}.Release|Any CPU.ActiveCfg = Release|Any CPU
		{708BB7E4-F39F-4015-B047-B0F00864842C}.Release|Any CPU.Build.0 = Release|Any CPU
		{3EC3DBCF-71F7-4284-8ADF-0E458D686CDE}.Debug|Any CPU.ActiveCfg = Debug|Any CPU
		{3EC3DBCF-71F7-4284-8ADF-0E458D686CDE}.Debug|Any CPU.Build.0 = Debug|Any CPU
		{3EC3DBCF-71F7-4284-8ADF-0E458D686CDE}.Release|Any CPU.ActiveCfg = Release|Any CPU
		{3EC3DBCF-71F7-4284-8ADF-0E458D686CDE}.Release|Any CPU.Build.0 = Release|Any CPU
		{9D962FF7-2675-4F13-8FF0-63AD623DC91D}.Debug|Any CPU.ActiveCfg = Debug|Any CPU
		{9D962FF7-2675-4F13-8FF0-63AD623DC91D}.Debug|Any CPU.Build.0 = Debug|Any CPU
		{9D962FF7-2675-4F13-8FF0-63AD623DC91D}.Release|Any CPU.ActiveCfg = Release|Any CPU
		{9D962FF7-2675-4F13-8FF0-63AD623DC91D}.Release|Any CPU.Build.0 = Release|Any CPU
		{EFCED042-E37D-4C6C-AF0D-147D0BA64975}.Debug|Any CPU.ActiveCfg = Debug|Any CPU
		{EFCED042-E37D-4C6C-AF0D-147D0BA64975}.Debug|Any CPU.Build.0 = Debug|Any CPU
		{EFCED042-E37D-4C6C-AF0D-147D0BA64975}.Release|Any CPU.ActiveCfg = Release|Any CPU
		{EFCED042-E37D-4C6C-AF0D-147D0BA64975}.Release|Any CPU.Build.0 = Release|Any CPU
		{17F614BC-F478-4848-97C0-686DE046D4C7}.Debug|Any CPU.ActiveCfg = Debug|Any CPU
		{17F614BC-F478-4848-97C0-686DE046D4C7}.Debug|Any CPU.Build.0 = Debug|Any CPU
		{17F614BC-F478-4848-97C0-686DE046D4C7}.Release|Any CPU.ActiveCfg = Release|Any CPU
		{17F614BC-F478-4848-97C0-686DE046D4C7}.Release|Any CPU.Build.0 = Release|Any CPU
	EndGlobalSection
	GlobalSection(SolutionProperties) = preSolution
		HideSolutionNode = FALSE
	EndGlobalSection
	GlobalSection(ExtensibilityGlobals) = postSolution
		SolutionGuid = {B52D81B0-049F-4832-A502-786EA074A7E8}
	EndGlobalSection
EndGlobal
